{
  "name": "ts-playground",
  "version": "0.0.1",
  "lockfileVersion": 1,
  "requires": true,
  "dependencies": {
    "@types/node": {
      "version": "8.0.26",
      "resolved": "http://registry.npm.taobao.org/@types/node/download/@types/node-8.0.26.tgz",
      "dev": true
    },
    "typescript": {
      "version": "2.5.2",
      "resolved": "http://registry.npm.taobao.org/typescript/download/typescript-2.5.2.tgz",
      "dev": true
    }
  }
}
